
Microsoft Visual Studio Solution File, Format Version 12.00
# Visual Studio Version 17
VisualStudioVersion = 17.3.32825.248
MinimumVisualStudioVersion = 10.0.40219.1
Project("{FAE04EC0-301F-11D3-BF4B-00C04F79EFBC}") = "BoxOS_V3", "BoxOS_V3.csproj", "{AFE8DDEE-8CF7-4C82-AE45-4A21BB8D2624}"
EndProject
Project("{FAE04EC0-301F-11D3-BF4B-00C04F79EFBC}") = "UnitTestForBoxOS_V3", "..\UnitTestForBoxOS_V3\UnitTestForBoxOS_V3.csproj", "{5B47AA98-0B14-421E-AFE0-7DA1B89D8F1F}"
EndProject
Global
	GlobalSection(SolutionConfigurationPlatforms) = preSolution
		Debug|Any CPU = Debug|Any CPU
		Release|Any CPU = Release|Any CPU
	EndGlobalSection
	GlobalSection(ProjectConfigurationPlatforms) = postSolution
		{AFE8DDEE-8CF7-4C82-AE45-4A21BB8D2624}.Debug|Any CPU.ActiveCfg = Debug|Any CPU
		{AFE8DDEE-8CF7-4C82-AE45-4A21BB8D2624}.Debug|Any CPU.Build.0 = Debug|Any CPU
		{AFE8DDEE-8CF7-4C82-AE45-4A21BB8D2624}.Release|Any CPU.ActiveCfg = Release|Any CPU
		{AFE8DDEE-8CF7-4C82-AE45-4A21BB8D2624}.Release|Any CPU.Build.0 = Release|Any CPU
		{5B47AA98-0B14-421E-AFE0-7DA1B89D8F1F}.Debug|Any CPU.ActiveCfg = Debug|Any CPU
		{5B47AA98-0B14-421E-AFE0-7DA1B89D8F1F}.Debug|Any CPU.Build.0 = Debug|Any CPU
		{5B47AA98-0B14-421E-AFE0-7DA1B89D8F1F}.Release|Any CPU.ActiveCfg = Release|Any CPU
		{5B47AA98-0B14-421E-AFE0-7DA1B89D8F1F}.Release|Any CPU.Build.0 = Release|Any CPU
	EndGlobalSection
	GlobalSection(SolutionProperties) = preSolution
		HideSolutionNode = FALSE
	EndGlobalSection
	GlobalSection(ExtensibilityGlobals) = postSolution
		SolutionGuid = {447F207E-1749-4261-B59C-8C543D6B0103}
	EndGlobalSection
EndGlobal
